
Microsoft Visual Studio Solution File, Format Version 12.00
# Visual Studio Version 16
VisualStudioVersion = 16.0.30804.86
MinimumVisualStudioVersion = 10.0.40219.1
Project("{FAE04EC0-301F-11D3-BF4B-00C04F79EFBC}") = "DataAccess", "DataAccess\DataAccess.csproj", "{C7A26B6C-990F-4AAD-90D3-34CFE94570E9}"
EndProject
Project("{FAE04EC0-301F-11D3-BF4B-00C04F79EFBC}") = "Entities", "Entities\Entities.csproj", "{F1F5784D-D0B5-4828-9EC7-972BAA41F4F1}"
EndProject
Project("{FAE04EC0-301F-11D3-BF4B-00C04F79EFBC}") = "Business", "Business\Business.csproj", "{E481D657-256E-4D0F-BCDD-50E1D29F5959}"
EndProject
Project("{FAE04EC0-301F-11D3-BF4B-00C04F79EFBC}") = "ConsoleUI", "ConsoleUI\ConsoleUI.csproj", "{E5B671E4-B000-462C-89DF-FFC9184E2B6A}"
EndProject
Global
	GlobalSection(SolutionConfigurationPlatforms) = preSolution
		Debug|Any CPU = Debug|Any CPU
		Release|Any CPU = Release|Any CPU
	EndGlobalSection
	GlobalSection(ProjectConfigurationPlatforms) = postSolution
		{C7A26B6C-990F-4AAD-90D3-34CFE94570E9}.Debug|Any CPU.ActiveCfg = Debug|Any CPU
		{C7A26B6C-990F-4AAD-90D3-34CFE94570E9}.Debug|Any CPU.Build.0 = Debug|Any CPU
		{C7A26B6C-990F-4AAD-90D3-34CFE94570E9}.Release|Any CPU.ActiveCfg = Release|Any CPU
		{C7A26B6C-990F-4AAD-90D3-34CFE94570E9}.Release|Any CPU.Build.0 = Release|Any CPU
		{F1F5784D-D0B5-4828-9EC7-972BAA41F4F1}.Debug|Any CPU.ActiveCfg = Debug|Any CPU
		{F1F5784D-D0B5-4828-9EC7-972BAA41F4F1}.Debug|Any CPU.Build.0 = Debug|Any CPU
		{F1F5784D-D0B5-4828-9EC7-972BAA41F4F1}.Release|Any CPU.ActiveCfg = Release|Any CPU
		{F1F5784D-D0B5-4828-9EC7-972BAA41F4F1}.Release|Any CPU.Build.0 = Release|Any CPU
		{E481D657-256E-4D0F-BCDD-50E1D29F5959}.Debug|Any CPU.ActiveCfg = Debug|Any CPU
		{E481D657-256E-4D0F-BCDD-50E1D29F5959}.Debug|Any CPU.Build.0 = Debug|Any CPU
		{E481D657-256E-4D0F-BCDD-50E1D29F5959}.Release|Any CPU.ActiveCfg = Release|Any CPU
		{E481D657-256E-4D0F-BCDD-50E1D29F5959}.Release|Any CPU.Build.0 = Release|Any CPU
		{E5B671E4-B000-462C-89DF-FFC9184E2B6A}.Debug|Any CPU.ActiveCfg = Debug|Any CPU
		{E5B671E4-B000-462C-89DF-FFC9184E2B6A}.Debug|Any CPU.Build.0 = Debug|Any CPU
		{E5B671E4-B000-462C-89DF-FFC9184E2B6A}.Release|Any CPU.ActiveCfg = Release|Any CPU
		{E5B671E4-B000-462C-89DF-FFC9184E2B6A}.Release|Any CPU.Build.0 = Release|Any CPU
	EndGlobalSection
	GlobalSection(SolutionProperties) = preSolution
		HideSolutionNode = FALSE
	EndGlobalSection
	GlobalSection(ExtensibilityGlobals) = postSolution
		SolutionGuid = {0A655AC0-2C84-41F4-8088-CB866797B9B0}
	EndGlobalSection
EndGlobal
